
Microsoft Visual Studio Solution File, Format Version 12.00
# Visual Studio Version 16
VisualStudioVersion = 16.0.30204.135
MinimumVisualStudioVersion = 10.0.40219.1
Project("{FAE04EC0-301F-11D3-BF4B-00C04F79EFBC}") = "SILS.Data", "SILS.Data\SILS.Data.csproj", "{13D3A408-358D-4623-B20F-37723D8BA1C8}"
EndProject
Project("{FAE04EC0-301F-11D3-BF4B-00C04F79EFBC}") = "SILS.Console", "SILS.Console\SILS.Console.csproj", "{09E65C6E-8E27-4520-97CF-7D76FEF508AC}"
EndProject
Project("{FAE04EC0-301F-11D3-BF4B-00C04F79EFBC}") = "SILS.Winform", "SILS.Winform\SILS.Winform.csproj", "{A3A85A01-1A24-45DB-A0FC-3500415DE491}"
EndProject
Project("{FAE04EC0-301F-11D3-BF4B-00C04F79EFBC}") = "SILS.DataTests", "SILS.DataTests\SILS.DataTests.csproj", "{45748C6E-F6D3-4092-8773-66F09ABF2732}"
EndProject
Project("{FAE04EC0-301F-11D3-BF4B-00C04F79EFBC}") = "SILS.API", "SILS.API\SILS.API.csproj", "{1ECEF8E3-10BE-44EB-A8C9-2494C18F02B8}"
EndProject
Global
	GlobalSection(SolutionConfigurationPlatforms) = preSolution
		Debug|Any CPU = Debug|Any CPU
		Release|Any CPU = Release|Any CPU
	EndGlobalSection
	GlobalSection(ProjectConfigurationPlatforms) = postSolution
		{13D3A408-358D-4623-B20F-37723D8BA1C8}.Debug|Any CPU.ActiveCfg = Debug|Any CPU
		{13D3A408-358D-4623-B20F-37723D8BA1C8}.Debug|Any CPU.Build.0 = Debug|Any CPU
		{13D3A408-358D-4623-B20F-37723D8BA1C8}.Release|Any CPU.ActiveCfg = Release|Any CPU
		{13D3A408-358D-4623-B20F-37723D8BA1C8}.Release|Any CPU.Build.0 = Release|Any CPU
		{09E65C6E-8E27-4520-97CF-7D76FEF508AC}.Debug|Any CPU.ActiveCfg = Debug|Any CPU
		{09E65C6E-8E27-4520-97CF-7D76FEF508AC}.Debug|Any CPU.Build.0 = Debug|Any CPU
		{09E65C6E-8E27-4520-97CF-7D76FEF508AC}.Release|Any CPU.ActiveCfg = Release|Any CPU
		{09E65C6E-8E27-4520-97CF-7D76FEF508AC}.Release|Any CPU.Build.0 = Release|Any CPU
		{A3A85A01-1A24-45DB-A0FC-3500415DE491}.Debug|Any CPU.ActiveCfg = Debug|Any CPU
		{A3A85A01-1A24-45DB-A0FC-3500415DE491}.Debug|Any CPU.Build.0 = Debug|Any CPU
		{A3A85A01-1A24-45DB-A0FC-3500415DE491}.Release|Any CPU.ActiveCfg = Release|Any CPU
		{A3A85A01-1A24-45DB-A0FC-3500415DE491}.Release|Any CPU.Build.0 = Release|Any CPU
		{45748C6E-F6D3-4092-8773-66F09ABF2732}.Debug|Any CPU.ActiveCfg = Debug|Any CPU
		{45748C6E-F6D3-4092-8773-66F09ABF2732}.Debug|Any CPU.Build.0 = Debug|Any CPU
		{45748C6E-F6D3-4092-8773-66F09ABF2732}.Release|Any CPU.ActiveCfg = Release|Any CPU
		{45748C6E-F6D3-4092-8773-66F09ABF2732}.Release|Any CPU.Build.0 = Release|Any CPU
		{1ECEF8E3-10BE-44EB-A8C9-2494C18F02B8}.Debug|Any CPU.ActiveCfg = Debug|Any CPU
		{1ECEF8E3-10BE-44EB-A8C9-2494C18F02B8}.Debug|Any CPU.Build.0 = Debug|Any CPU
		{1ECEF8E3-10BE-44EB-A8C9-2494C18F02B8}.Release|Any CPU.ActiveCfg = Release|Any CPU
		{1ECEF8E3-10BE-44EB-A8C9-2494C18F02B8}.Release|Any CPU.Build.0 = Release|Any CPU
	EndGlobalSection
	GlobalSection(SolutionProperties) = preSolution
		HideSolutionNode = FALSE
	EndGlobalSection
	GlobalSection(ExtensibilityGlobals) = postSolution
		SolutionGuid = {FADAA33A-CCE4-4583-967E-5C6FE9AF7B15}
	EndGlobalSection
EndGlobal
